
Microsoft Visual Studio Solution File, Format Version 12.00
# Visual Studio 15
VisualStudioVersion = 15.0.26124.0
MinimumVisualStudioVersion = 15.0.26124.0
Project("{FAE04EC0-301F-11D3-BF4B-00C04F79EFBC}") = "LogsMonitor.Host", "LogsMonitor.Host\LogsMonitor.Host.csproj", "{7B6183BA-32DA-4F5E-B9FA-B5C0DF8A2A19}"
EndProject
Project("{FAE04EC0-301F-11D3-BF4B-00C04F79EFBC}") = "LogsMonitor.Core", "LogsMonitor.Core\LogsMonitor.Core.csproj", "{62D5D96B-AACB-46BA-9961-97CBDBD95C1D}"
EndProject
Project("{FAE04EC0-301F-11D3-BF4B-00C04F79EFBC}") = "LogsMonitor.Service", "LogsMonitor.Service\LogsMonitor.Service.csproj", "{7C82E554-AFDC-4EC4-9F10-4F51DE0862DA}"
EndProject
Project("{FAE04EC0-301F-11D3-BF4B-00C04F79EFBC}") = "LogsMonitor.Data", "LogsMonitor.Data\LogsMonitor.Data.csproj", "{7851000D-E3CF-4043-B33E-560C4777A555}"
EndProject
Global
	GlobalSection(SolutionConfigurationPlatforms) = preSolution
		Debug|Any CPU = Debug|Any CPU
		Debug|x64 = Debug|x64
		Debug|x86 = Debug|x86
		Release|Any CPU = Release|Any CPU
		Release|x64 = Release|x64
		Release|x86 = Release|x86
	EndGlobalSection
	GlobalSection(SolutionProperties) = preSolution
		HideSolutionNode = FALSE
	EndGlobalSection
	GlobalSection(ProjectConfigurationPlatforms) = postSolution
		{7B6183BA-32DA-4F5E-B9FA-B5C0DF8A2A19}.Debug|Any CPU.ActiveCfg = Debug|Any CPU
		{7B6183BA-32DA-4F5E-B9FA-B5C0DF8A2A19}.Debug|Any CPU.Build.0 = Debug|Any CPU
		{7B6183BA-32DA-4F5E-B9FA-B5C0DF8A2A19}.Debug|x64.ActiveCfg = Debug|Any CPU
		{7B6183BA-32DA-4F5E-B9FA-B5C0DF8A2A19}.Debug|x64.Build.0 = Debug|Any CPU
		{7B6183BA-32DA-4F5E-B9FA-B5C0DF8A2A19}.Debug|x86.ActiveCfg = Debug|Any CPU
		{7B6183BA-32DA-4F5E-B9FA-B5C0DF8A2A19}.Debug|x86.Build.0 = Debug|Any CPU
		{7B6183BA-32DA-4F5E-B9FA-B5C0DF8A2A19}.Release|Any CPU.ActiveCfg = Release|Any CPU
		{7B6183BA-32DA-4F5E-B9FA-B5C0DF8A2A19}.Release|Any CPU.Build.0 = Release|Any CPU
		{7B6183BA-32DA-4F5E-B9FA-B5C0DF8A2A19}.Release|x64.ActiveCfg = Release|Any CPU
		{7B6183BA-32DA-4F5E-B9FA-B5C0DF8A2A19}.Release|x64.Build.0 = Release|Any CPU
		{7B6183BA-32DA-4F5E-B9FA-B5C0DF8A2A19}.Release|x86.ActiveCfg = Release|Any CPU
		{7B6183BA-32DA-4F5E-B9FA-B5C0DF8A2A19}.Release|x86.Build.0 = Release|Any CPU
		{62D5D96B-AACB-46BA-9961-97CBDBD95C1D}.Debug|Any CPU.ActiveCfg = Debug|Any CPU
		{62D5D96B-AACB-46BA-9961-97CBDBD95C1D}.Debug|Any CPU.Build.0 = Debug|Any CPU
		{62D5D96B-AACB-46BA-9961-97CBDBD95C1D}.Debug|x64.ActiveCfg = Debug|Any CPU
		{62D5D96B-AACB-46BA-9961-97CBDBD95C1D}.Debug|x64.Build.0 = Debug|Any CPU
		{62D5D96B-AACB-46BA-9961-97CBDBD95C1D}.Debug|x86.ActiveCfg = Debug|Any CPU
		{62D5D96B-AACB-46BA-9961-97CBDBD95C1D}.Debug|x86.Build.0 = Debug|Any CPU
		{62D5D96B-AACB-46BA-9961-97CBDBD95C1D}.Release|Any CPU.ActiveCfg = Release|Any CPU
		{62D5D96B-AACB-46BA-9961-97CBDBD95C1D}.Release|Any CPU.Build.0 = Release|Any CPU
		{62D5D96B-AACB-46BA-9961-97CBDBD95C1D}.Release|x64.ActiveCfg = Release|Any CPU
		{62D5D96B-AACB-46BA-9961-97CBDBD95C1D}.Release|x64.Build.0 = Release|Any CPU
		{62D5D96B-AACB-46BA-9961-97CBDBD95C1D}.Release|x86.ActiveCfg = Release|Any CPU
		{62D5D96B-AACB-46BA-9961-97CBDBD95C1D}.Release|x86.Build.0 = Release|Any CPU
		{7C82E554-AFDC-4EC4-9F10-4F51DE0862DA}.Debug|Any CPU.ActiveCfg = Debug|Any CPU
		{7C82E554-AFDC-4EC4-9F10-4F51DE0862DA}.Debug|Any CPU.Build.0 = Debug|Any CPU
		{7C82E554-AFDC-4EC4-9F10-4F51DE0862DA}.Debug|x64.ActiveCfg = Debug|Any CPU
		{7C82E554-AFDC-4EC4-9F10-4F51DE0862DA}.Debug|x64.Build.0 = Debug|Any CPU
		{7C82E554-AFDC-4EC4-9F10-4F51DE0862DA}.Debug|x86.ActiveCfg = Debug|Any CPU
		{7C82E554-AFDC-4EC4-9F10-4F51DE0862DA}.Debug|x86.Build.0 = Debug|Any CPU
		{7C82E554-AFDC-4EC4-9F10-4F51DE0862DA}.Release|Any CPU.ActiveCfg = Release|Any CPU
		{7C82E554-AFDC-4EC4-9F10-4F51DE0862DA}.Release|Any CPU.Build.0 = Release|Any CPU
		{7C82E554-AFDC-4EC4-9F10-4F51DE0862DA}.Release|x64.ActiveCfg = Release|Any CPU
		{7C82E554-AFDC-4EC4-9F10-4F51DE0862DA}.Release|x64.Build.0 = Release|Any CPU
		{7C82E554-AFDC-4EC4-9F10-4F51DE0862DA}.Release|x86.ActiveCfg = Release|Any CPU
		{7C82E554-AFDC-4EC4-9F10-4F51DE0862DA}.Release|x86.Build.0 = Release|Any CPU
		{7851000D-E3CF-4043-B33E-560C4777A555}.Debug|Any CPU.ActiveCfg = Debug|Any CPU
		{7851000D-E3CF-4043-B33E-560C4777A555}.Debug|Any CPU.Build.0 = Debug|Any CPU
		{7851000D-E3CF-4043-B33E-560C4777A555}.Debug|x64.ActiveCfg = Debug|Any CPU
		{7851000D-E3CF-4043-B33E-560C4777A555}.Debug|x64.Build.0 = Debug|Any CPU
		{7851000D-E3CF-4043-B33E-560C4777A555}.Debug|x86.ActiveCfg = Debug|Any CPU
		{7851000D-E3CF-4043-B33E-560C4777A555}.Debug|x86.Build.0 = Debug|Any CPU
		{7851000D-E3CF-4043-B33E-560C4777A555}.Release|Any CPU.ActiveCfg = Release|Any CPU
		{7851000D-E3CF-4043-B33E-560C4777A555}.Release|Any CPU.Build.0 = Release|Any CPU
		{7851000D-E3CF-4043-B33E-560C4777A555}.Release|x64.ActiveCfg = Release|Any CPU
		{7851000D-E3CF-4043-B33E-560C4777A555}.Release|x64.Build.0 = Release|Any CPU
		{7851000D-E3CF-4043-B33E-560C4777A555}.Release|x86.ActiveCfg = Release|Any CPU
		{7851000D-E3CF-4043-B33E-560C4777A555}.Release|x86.Build.0 = Release|Any CPU
	EndGlobalSection
EndGlobal
